
Microsoft Visual Studio Solution File, Format Version 12.00
# Visual Studio Version 17
VisualStudioVersion = 17.11.35327.3
MinimumVisualStudioVersion = 10.0.40219.1
Project("{F184B08F-C81C-45F6-A57F-5ABD9991F28F}") = "Procedure dan Funcion", "Procedure dan Funcion\Procedure dan Funcion.vbproj", "{1BB61522-86E1-4805-BBEE-38DFB4E15002}"
EndProject
Global
	GlobalSection(SolutionConfigurationPlatforms) = preSolution
		Debug|Any CPU = Debug|Any CPU
		Release|Any CPU = Release|Any CPU
	EndGlobalSection
	GlobalSection(ProjectConfigurationPlatforms) = postSolution
		{1BB61522-86E1-4805-BBEE-38DFB4E15002}.Debug|Any CPU.ActiveCfg = Debug|Any CPU
		{1BB61522-86E1-4805-BBEE-38DFB4E15002}.Debug|Any CPU.Build.0 = Debug|Any CPU
		{1BB61522-86E1-4805-BBEE-38DFB4E15002}.Release|Any CPU.ActiveCfg = Release|Any CPU
		{1BB61522-86E1-4805-BBEE-38DFB4E15002}.Release|Any CPU.Build.0 = Release|Any CPU
	EndGlobalSection
	GlobalSection(SolutionProperties) = preSolution
		HideSolutionNode = FALSE
	EndGlobalSection
	GlobalSection(ExtensibilityGlobals) = postSolution
		SolutionGuid = {3E06AD14-B89C-4136-B4A7-EE6638D02FCE}
	EndGlobalSection
EndGlobal
